# This file is automatically @generated by Cargo.
# It is not intended for manual editing.
version = 4

[[package]]
name = "skyfire-ac3"
version = "0.0.1"

[[package]]
name = "skyfire-cli"
version = "0.0.1"
dependencies = [
 "skyfire-ac3",
 "skyfire-ts",
]

[[package]]
name = "skyfire-core"
version = "0.0.1"
dependencies = [
 "skyfire-ac3",
 "skyfire-sync",
 "skyfire-ts",
]

[[package]]
name = "skyfire-sync"
version = "0.0.1"

[[package]]
name = "skyfire-ts"
version = "0.0.1"

[[package]]
name = "skyfire-wasm"
version = "0.0.1"
dependencies = [
 "skyfire-core",
]
